<?xml version="1.0" encoding="utf-8"?>
<Project ToolsVersion="4.0" xmlns="http://schemas.microsoft.com/developer/msbuild/2003">
  <ItemGroup>
    <Filter Include="ソース ファイル">
      <UniqueIdentifier>{4FC737F1-C7A5-4376-A066-2A32D752A2FF}</UniqueIdentifier>
      <Extensions>cpp;c;cc;cxx;def;odl;idl;hpj;bat;asm;asmx</Extensions>
    </Filter>
    <Filter Include="ヘッダー ファイル">
      <UniqueIdentifier>{93995380-89BD-4b04-88EB-625FBE52EBFB}</UniqueIdentifier>
      <Extensions>h;hh;hpp;hxx;hm;inl;inc;ipp;xsd</Extensions>
    </Filter>
    <Filter Include="ヘッダー ファイル\Base">
      <UniqueIdentifier>{52162baf-66ef-4b44-8629-201f943888d2}</UniqueIdentifier>
    </Filter>
    <Filter Include="ヘッダー ファイル\Camera">
      <UniqueIdentifier>{c1e28b7d-aa6e-47c3-8483-cd47e9188c35}</UniqueIdentifier>
    </Filter>
    <Filter Include="ヘッダー ファイル\Console">
      <UniqueIdentifier>{f620e00e-251f-4522-898a-cd8c2e0856aa}</UniqueIdentifier>
    </Filter>
    <Filter Include="ヘッダー ファイル\Entity">
      <UniqueIdentifier>{818a6b34-2c8c-44b8-98c7-678443f69986}</UniqueIdentifier>
    </Filter>
    <Filter Include="ヘッダー ファイル\Shape">
      <UniqueIdentifier>{927d50bb-8add-4815-8512-f26701f8993c}</UniqueIdentifier>
    </Filter>
    <Filter Include="ヘッダー ファイル\Random">
      <UniqueIdentifier>{e8068397-9099-4deb-94ca-27155b8ac7a8}</UniqueIdentifier>
    </Filter>
    <Filter Include="ヘッダー ファイル\Retouch">
      <UniqueIdentifier>{3bfda541-d1d6-4764-b717-1382a3d0097a}</UniqueIdentifier>
    </Filter>
    <Filter Include="ヘッダー ファイル\Storage">
      <UniqueIdentifier>{05ddbb71-c53b-4ff0-934d-ca51307a99ee}</UniqueIdentifier>
    </Filter>
    <Filter Include="ヘッダー ファイル\Utility">
      <UniqueIdentifier>{7d946ab3-4e32-4664-8b07-359231cb8a5c}</UniqueIdentifier>
    </Filter>
    <Filter Include="ヘッダー ファイル\Deprecated">
      <UniqueIdentifier>{7ecd78d4-cbfe-4642-ac2a-d808f1127009}</UniqueIdentifier>
    </Filter>
    <Filter Include="ヘッダー ファイル\ThirdParty">
      <UniqueIdentifier>{b96fddbd-606e-45d4-bf71-09123eef72a6}</UniqueIdentifier>
    </Filter>
    <Filter Include="ヘッダー ファイル\ThirdParty\STB">
      <UniqueIdentifier>{906ff54e-2e50-4c26-876a-2d5c6654a7f0}</UniqueIdentifier>
    </Filter>
    <Filter Include="ヘッダー ファイル\DTL">
      <UniqueIdentifier>{3e27e26e-2a44-4eda-b0ff-0759cc87c4bf}</UniqueIdentifier>
    </Filter>
    <Filter Include="ヘッダー ファイル\Macros">
      <UniqueIdentifier>{f572daa4-9283-4791-ac31-0b1eeea3e46a}</UniqueIdentifier>
    </Filter>
  </ItemGroup>
  <ItemGroup>
    <ClInclude Include="Base\Struct.hpp">
      <Filter>ヘッダー ファイル\Base</Filter>
    </ClInclude>
    <ClInclude Include="Camera\MatrixView.hpp">
      <Filter>ヘッダー ファイル\Camera</Filter>
    </ClInclude>
    <ClInclude Include="Console\OutputNumber.hpp">
      <Filter>ヘッダー ファイル\Console</Filter>
    </ClInclude>
    <ClInclude Include="Console\OutputString.hpp">
      <Filter>ヘッダー ファイル\Console</Filter>
    </ClInclude>
    <ClInclude Include="Console\OutputStringBool.hpp">
      <Filter>ヘッダー ファイル\Console</Filter>
    </ClInclude>
    <ClInclude Include="Entity\MobManager.hpp">
      <Filter>ヘッダー ファイル\Entity</Filter>
    </ClInclude>
    <ClInclude Include="Random\MersenneTwister32bit.hpp">
      <Filter>ヘッダー ファイル\Random</Filter>
    </ClInclude>
    <ClInclude Include="Retouch\BuryPoint.hpp">
      <Filter>ヘッダー ファイル\Retouch</Filter>
    </ClInclude>
    <ClInclude Include="Retouch\RemovePoint.hpp">
      <Filter>ヘッダー ファイル\Retouch</Filter>
    </ClInclude>
    <ClInclude Include="Shape\Border.hpp">
      <Filter>ヘッダー ファイル\Shape</Filter>
    </ClInclude>
    <ClInclude Include="Shape\BorderOdd.hpp">
      <Filter>ヘッダー ファイル\Shape</Filter>
    </ClInclude>
    <ClInclude Include="Shape\CellularAutomatonIsland.hpp">
      <Filter>ヘッダー ファイル\Shape</Filter>
    </ClInclude>
    <ClInclude Include="Shape\CellularAutomatonMixIsland.hpp">
      <Filter>ヘッダー ファイル\Shape</Filter>
    </ClInclude>
    <ClInclude Include="Shape\HalfMixRect.hpp">
      <Filter>ヘッダー ファイル\Shape</Filter>
    </ClInclude>
    <ClInclude Include="Shape\MixRect.hpp">
      <Filter>ヘッダー ファイル\Shape</Filter>
    </ClInclude>
    <ClInclude Include="Shape\Point.hpp">
      <Filter>ヘッダー ファイル\Shape</Filter>
    </ClInclude>
    <ClInclude Include="Shape\PointGrid.hpp">
      <Filter>ヘッダー ファイル\Shape</Filter>
    </ClInclude>
    <ClInclude Include="Shape\PointGridAndSomeBlocksWithBorder.hpp">
      <Filter>ヘッダー ファイル\Shape</Filter>
    </ClInclude>
    <ClInclude Include="Shape\PointGridWithBorder.hpp">
      <Filter>ヘッダー ファイル\Shape</Filter>
    </ClInclude>
    <ClInclude Include="Shape\RandomRect.hpp">
      <Filter>ヘッダー ファイル\Shape</Filter>
    </ClInclude>
    <ClInclude Include="Shape\Rect.hpp">
      <Filter>ヘッダー ファイル\Shape</Filter>
    </ClInclude>
    <ClInclude Include="Storage\FileCSV.hpp">
      <Filter>ヘッダー ファイル\Storage</Filter>
    </ClInclude>
    <ClInclude Include="DTL.hpp">
      <Filter>ヘッダー ファイル</Filter>
    </ClInclude>
    <ClInclude Include="Utility\Binarization.hpp">
      <Filter>ヘッダー ファイル\Utility</Filter>
    </ClInclude>
    <ClInclude Include="Utility\CellularAutomaton.hpp">
      <Filter>ヘッダー ファイル\Utility</Filter>
    </ClInclude>
    <ClInclude Include="Utility\CharCast.hpp">
      <Filter>ヘッダー ファイル\Utility</Filter>
    </ClInclude>
    <ClInclude Include="Utility\Copy.hpp">
      <Filter>ヘッダー ファイル\Utility</Filter>
    </ClInclude>
    <ClInclude Include="Utility\Init.hpp">
      <Filter>ヘッダー ファイル\Utility</Filter>
    </ClInclude>
    <ClInclude Include="Utility\IsOutputCast.hpp">
      <Filter>ヘッダー ファイル\Utility</Filter>
    </ClInclude>
    <ClInclude Include="Utility\Matrix.hpp">
      <Filter>ヘッダー ファイル\Utility</Filter>
    </ClInclude>
    <ClInclude Include="Utility\NoiseBool.hpp">
      <Filter>ヘッダー ファイル\Utility</Filter>
    </ClInclude>
    <ClInclude Include="Utility\NoiseShoreBool.hpp">
      <Filter>ヘッダー ファイル\Utility</Filter>
    </ClInclude>
    <ClInclude Include="Storage\FileTerrainOBJ.hpp">
      <Filter>ヘッダー ファイル\Storage</Filter>
    </ClInclude>
    <ClInclude Include="Deprecated\DungeonFile.hpp">
      <Filter>ヘッダー ファイル\Deprecated</Filter>
    </ClInclude>
    <ClInclude Include="Deprecated\SimpleVoronoiIsland.hpp">
      <Filter>ヘッダー ファイル\Deprecated</Filter>
    </ClInclude>
    <ClInclude Include="Deprecated\HorizontalScroll.hpp">
      <Filter>ヘッダー ファイル\Deprecated</Filter>
    </ClInclude>
    <ClInclude Include="Deprecated\RogueLike.hpp">
      <Filter>ヘッダー ファイル\Deprecated</Filter>
    </ClInclude>
    <ClInclude Include="Deprecated\DungeonNoise.hpp">
      <Filter>ヘッダー ファイル\Deprecated</Filter>
    </ClInclude>
    <ClInclude Include="Deprecated\FractalIsland.hpp">
      <Filter>ヘッダー ファイル\Deprecated</Filter>
    </ClInclude>
    <ClInclude Include="Deprecated\DungeonPaint.hpp">
      <Filter>ヘッダー ファイル\Deprecated</Filter>
    </ClInclude>
    <ClInclude Include="Deprecated\DungeonMatrix.hpp">
      <Filter>ヘッダー ファイル\Deprecated</Filter>
    </ClInclude>
    <ClInclude Include="Deprecated\DungeonBinarization.hpp">
      <Filter>ヘッダー ファイル\Deprecated</Filter>
    </ClInclude>
    <ClInclude Include="Deprecated\BoardGame.hpp">
      <Filter>ヘッダー ファイル\Deprecated</Filter>
    </ClInclude>
    <ClInclude Include="Shape\DiamondSquareAverageIsland.hpp">
      <Filter>ヘッダー ファイル\Shape</Filter>
    </ClInclude>
    <ClInclude Include="Shape\DiamondSquareAverage.hpp">
      <Filter>ヘッダー ファイル\Shape</Filter>
    </ClInclude>
    <ClInclude Include="Shape\DiamondSquareAverageCornerIsland.hpp">
      <Filter>ヘッダー ファイル\Shape</Filter>
    </ClInclude>
    <ClInclude Include="ThirdParty\STB\wrapper_stb_image_write.hpp">
      <Filter>ヘッダー ファイル\ThirdParty\STB</Filter>
    </ClInclude>
    <ClInclude Include="Utility\ReplaceAll.hpp">
      <Filter>ヘッダー ファイル\Utility</Filter>
    </ClInclude>
    <ClInclude Include="Utility\ReplaceSome.hpp">
      <Filter>ヘッダー ファイル\Utility</Filter>
    </ClInclude>
    <ClInclude Include="DTL\Base.hpp">
      <Filter>ヘッダー ファイル\DTL</Filter>
    </ClInclude>
    <ClInclude Include="DTL\Camera.hpp">
      <Filter>ヘッダー ファイル\DTL</Filter>
    </ClInclude>
    <ClInclude Include="DTL\Console.hpp">
      <Filter>ヘッダー ファイル\DTL</Filter>
    </ClInclude>
    <ClInclude Include="DTL\Deprecated.hpp">
      <Filter>ヘッダー ファイル\DTL</Filter>
    </ClInclude>
    <ClInclude Include="DTL\Entity.hpp">
      <Filter>ヘッダー ファイル\DTL</Filter>
    </ClInclude>
    <ClInclude Include="DTL\Random.hpp">
      <Filter>ヘッダー ファイル\DTL</Filter>
    </ClInclude>
    <ClInclude Include="DTL\Retouch.hpp">
      <Filter>ヘッダー ファイル\DTL</Filter>
    </ClInclude>
    <ClInclude Include="DTL\Shape.hpp">
      <Filter>ヘッダー ファイル\DTL</Filter>
    </ClInclude>
    <ClInclude Include="DTL\Storage.hpp">
      <Filter>ヘッダー ファイル\DTL</Filter>
    </ClInclude>
    <ClInclude Include="DTL\ThirdParty.hpp">
      <Filter>ヘッダー ファイル\DTL</Filter>
    </ClInclude>
    <ClInclude Include="DTL\Utility.hpp">
      <Filter>ヘッダー ファイル\DTL</Filter>
    </ClInclude>
    <ClInclude Include="Console\OutputView.hpp">
      <Filter>ヘッダー ファイル\Console</Filter>
    </ClInclude>
    <ClInclude Include="Shape\AbsoluteRect.hpp">
      <Filter>ヘッダー ファイル\Shape</Filter>
    </ClInclude>
    <ClInclude Include="Shape\SimpleRogueLike.hpp">
      <Filter>ヘッダー ファイル\Shape</Filter>
    </ClInclude>
    <ClInclude Include="Shape\MazeDig.hpp">
      <Filter>ヘッダー ファイル\Shape</Filter>
    </ClInclude>
    <ClInclude Include="Shape\FractalLoopIsland.hpp">
      <Filter>ヘッダー ファイル\Shape</Filter>
    </ClInclude>
    <ClInclude Include="Shape\FractalIsland.hpp">
      <Filter>ヘッダー ファイル\Shape</Filter>
    </ClInclude>
    <ClInclude Include="Utility\VoronoiDiagram.hpp">
      <Filter>ヘッダー ファイル\Utility</Filter>
    </ClInclude>
    <ClInclude Include="Shape\AbsoluteMemberRect.hpp">
      <Filter>ヘッダー ファイル\Shape</Filter>
    </ClInclude>
    <ClInclude Include="Shape\RandomVoronoi.hpp">
      <Filter>ヘッダー ファイル\Shape</Filter>
    </ClInclude>
    <ClInclude Include="Macros\nodiscard.hpp">
      <Filter>ヘッダー ファイル\Macros</Filter>
    </ClInclude>
    <ClInclude Include="Macros\constexpr.hpp">
      <Filter>ヘッダー ファイル\Macros</Filter>
    </ClInclude>
    <ClInclude Include="Shape\WhiteNoise.hpp">
      <Filter>ヘッダー ファイル\Shape</Filter>
    </ClInclude>
    <ClInclude Include="Shape\SimpleVoronoiIsland.hpp">
      <Filter>ヘッダー ファイル\Shape</Filter>
    </ClInclude>
    <ClInclude Include="Shape\Template.hpp">
      <Filter>ヘッダー ファイル\Shape</Filter>
    </ClInclude>
  </ItemGroup>
  <ItemGroup>
    <ClCompile Include="20190426.cpp">
      <Filter>ソース ファイル</Filter>
    </ClCompile>
  </ItemGroup>
</Project>