<?xml version="1.0" encoding="utf-8"?>
<Project ToolsVersion="4.0" xmlns="http://schemas.microsoft.com/developer/msbuild/2003">
  <ItemGroup>
    <Filter Include="ソース ファイル">
      <UniqueIdentifier>{4FC737F1-C7A5-4376-A066-2A32D752A2FF}</UniqueIdentifier>
      <Extensions>cpp;c;cc;cxx;def;odl;idl;hpj;bat;asm;asmx</Extensions>
    </Filter>
    <Filter Include="ヘッダー ファイル">
      <UniqueIdentifier>{93995380-89BD-4b04-88EB-625FBE52EBFB}</UniqueIdentifier>
      <Extensions>h;hh;hpp;hxx;hm;inl;inc;ipp;xsd</Extensions>
    </Filter>
    <Filter Include="ヘッダー ファイル\Base">
      <UniqueIdentifier>{52162baf-66ef-4b44-8629-201f943888d2}</UniqueIdentifier>
    </Filter>
    <Filter Include="ヘッダー ファイル\Camera">
      <UniqueIdentifier>{c1e28b7d-aa6e-47c3-8483-cd47e9188c35}</UniqueIdentifier>
    </Filter>
    <Filter Include="ヘッダー ファイル\Console">
      <UniqueIdentifier>{f620e00e-251f-4522-898a-cd8c2e0856aa}</UniqueIdentifier>
    </Filter>
    <Filter Include="ヘッダー ファイル\Entity">
      <UniqueIdentifier>{818a6b34-2c8c-44b8-98c7-678443f69986}</UniqueIdentifier>
    </Filter>
    <Filter Include="ヘッダー ファイル\Shape">
      <UniqueIdentifier>{927d50bb-8add-4815-8512-f26701f8993c}</UniqueIdentifier>
    </Filter>
    <Filter Include="ヘッダー ファイル\Random">
      <UniqueIdentifier>{e8068397-9099-4deb-94ca-27155b8ac7a8}</UniqueIdentifier>
    </Filter>
    <Filter Include="ヘッダー ファイル\Retouch">
      <UniqueIdentifier>{3bfda541-d1d6-4764-b717-1382a3d0097a}</UniqueIdentifier>
    </Filter>
    <Filter Include="ヘッダー ファイル\Storage">
      <UniqueIdentifier>{05ddbb71-c53b-4ff0-934d-ca51307a99ee}</UniqueIdentifier>
    </Filter>
    <Filter Include="ヘッダー ファイル\Utility">
      <UniqueIdentifier>{7d946ab3-4e32-4664-8b07-359231cb8a5c}</UniqueIdentifier>
    </Filter>
    <Filter Include="ヘッダー ファイル\Deprecated">
      <UniqueIdentifier>{7ecd78d4-cbfe-4642-ac2a-d808f1127009}</UniqueIdentifier>
    </Filter>
    <Filter Include="ヘッダー ファイル\ThirdParty">
      <UniqueIdentifier>{b96fddbd-606e-45d4-bf71-09123eef72a6}</UniqueIdentifier>
    </Filter>
    <Filter Include="ヘッダー ファイル\ThirdParty\STB">
      <UniqueIdentifier>{906ff54e-2e50-4c26-876a-2d5c6654a7f0}</UniqueIdentifier>
    </Filter>
    <Filter Include="ヘッダー ファイル\Macros">
      <UniqueIdentifier>{f572daa4-9283-4791-ac31-0b1eeea3e46a}</UniqueIdentifier>
    </Filter>
    <Filter Include="ヘッダー ファイル\Dungeon">
      <UniqueIdentifier>{3e27e26e-2a44-4eda-b0ff-0759cc87c4bf}</UniqueIdentifier>
    </Filter>
    <Filter Include="ヘッダー ファイル\Chrono">
      <UniqueIdentifier>{cec74aec-c31c-4b70-b3d8-4c90c52a9096}</UniqueIdentifier>
    </Filter>
    <Filter Include="ヘッダー ファイル\Type">
      <UniqueIdentifier>{24c5dc8a-0e29-4784-a0bf-ea946424d0b6}</UniqueIdentifier>
    </Filter>
  </ItemGroup>
  <ItemGroup>
    <ClInclude Include="..\..\include\Utility\Binarization.hpp">
      <Filter>ヘッダー ファイル\Utility</Filter>
    </ClInclude>
    <ClInclude Include="..\..\include\Utility\CellularAutomaton.hpp">
      <Filter>ヘッダー ファイル\Utility</Filter>
    </ClInclude>
    <ClInclude Include="..\..\include\Utility\Copy.hpp">
      <Filter>ヘッダー ファイル\Utility</Filter>
    </ClInclude>
    <ClInclude Include="..\..\include\Utility\Init.hpp">
      <Filter>ヘッダー ファイル\Utility</Filter>
    </ClInclude>
    <ClInclude Include="..\..\include\Utility\IsOutputCast.hpp">
      <Filter>ヘッダー ファイル\Utility</Filter>
    </ClInclude>
    <ClInclude Include="..\..\include\Utility\NoiseBool.hpp">
      <Filter>ヘッダー ファイル\Utility</Filter>
    </ClInclude>
    <ClInclude Include="..\..\include\Utility\NoiseShoreBool.hpp">
      <Filter>ヘッダー ファイル\Utility</Filter>
    </ClInclude>
    <ClInclude Include="..\..\include\Utility\ReplaceAll.hpp">
      <Filter>ヘッダー ファイル\Utility</Filter>
    </ClInclude>
    <ClInclude Include="..\..\include\Utility\ReplaceSome.hpp">
      <Filter>ヘッダー ファイル\Utility</Filter>
    </ClInclude>
    <ClInclude Include="..\..\include\Utility\VoronoiDiagram.hpp">
      <Filter>ヘッダー ファイル\Utility</Filter>
    </ClInclude>
    <ClInclude Include="..\..\include\DTL.hpp">
      <Filter>ヘッダー ファイル</Filter>
    </ClInclude>
    <ClInclude Include="..\..\include\ThirdParty\STB\stb_image_write.h">
      <Filter>ヘッダー ファイル\ThirdParty\STB</Filter>
    </ClInclude>
    <ClInclude Include="..\..\include\Storage\FilePNG.hpp">
      <Filter>ヘッダー ファイル\Storage</Filter>
    </ClInclude>
    <ClInclude Include="..\..\include\Storage\FileTerrainOBJ.hpp">
      <Filter>ヘッダー ファイル\Storage</Filter>
    </ClInclude>
    <ClInclude Include="..\..\include\Shape\AbsoluteMemberRect.hpp">
      <Filter>ヘッダー ファイル\Shape</Filter>
    </ClInclude>
    <ClInclude Include="..\..\include\Shape\AbsoluteRect.hpp">
      <Filter>ヘッダー ファイル\Shape</Filter>
    </ClInclude>
    <ClInclude Include="..\..\include\Shape\Border.hpp">
      <Filter>ヘッダー ファイル\Shape</Filter>
    </ClInclude>
    <ClInclude Include="..\..\include\Shape\BorderOdd.hpp">
      <Filter>ヘッダー ファイル\Shape</Filter>
    </ClInclude>
    <ClInclude Include="..\..\include\Shape\CellularAutomatonIsland.hpp">
      <Filter>ヘッダー ファイル\Shape</Filter>
    </ClInclude>
    <ClInclude Include="..\..\include\Shape\CellularAutomatonMixIsland.hpp">
      <Filter>ヘッダー ファイル\Shape</Filter>
    </ClInclude>
    <ClInclude Include="..\..\include\Shape\DiamondSquareAverage.hpp">
      <Filter>ヘッダー ファイル\Shape</Filter>
    </ClInclude>
    <ClInclude Include="..\..\include\Shape\DiamondSquareAverageCornerIsland.hpp">
      <Filter>ヘッダー ファイル\Shape</Filter>
    </ClInclude>
    <ClInclude Include="..\..\include\Shape\DiamondSquareAverageIsland.hpp">
      <Filter>ヘッダー ファイル\Shape</Filter>
    </ClInclude>
    <ClInclude Include="..\..\include\Shape\FractalIsland.hpp">
      <Filter>ヘッダー ファイル\Shape</Filter>
    </ClInclude>
    <ClInclude Include="..\..\include\Shape\FractalLoopIsland.hpp">
      <Filter>ヘッダー ファイル\Shape</Filter>
    </ClInclude>
    <ClInclude Include="..\..\include\Shape\HalfMixRect.hpp">
      <Filter>ヘッダー ファイル\Shape</Filter>
    </ClInclude>
    <ClInclude Include="..\..\include\Shape\MazeDig.hpp">
      <Filter>ヘッダー ファイル\Shape</Filter>
    </ClInclude>
    <ClInclude Include="..\..\include\Shape\MixRect.hpp">
      <Filter>ヘッダー ファイル\Shape</Filter>
    </ClInclude>
    <ClInclude Include="..\..\include\Shape\Point.hpp">
      <Filter>ヘッダー ファイル\Shape</Filter>
    </ClInclude>
    <ClInclude Include="..\..\include\Shape\PointGrid.hpp">
      <Filter>ヘッダー ファイル\Shape</Filter>
    </ClInclude>
    <ClInclude Include="..\..\include\Shape\PointGridAndSomeBlocksWithBorder.hpp">
      <Filter>ヘッダー ファイル\Shape</Filter>
    </ClInclude>
    <ClInclude Include="..\..\include\Shape\PointGridWithBorder.hpp">
      <Filter>ヘッダー ファイル\Shape</Filter>
    </ClInclude>
    <ClInclude Include="..\..\include\Shape\RandomRect.hpp">
      <Filter>ヘッダー ファイル\Shape</Filter>
    </ClInclude>
    <ClInclude Include="..\..\include\Shape\RandomVoronoi.hpp">
      <Filter>ヘッダー ファイル\Shape</Filter>
    </ClInclude>
    <ClInclude Include="..\..\include\Shape\Rect.hpp">
      <Filter>ヘッダー ファイル\Shape</Filter>
    </ClInclude>
    <ClInclude Include="..\..\include\Shape\SimpleRogueLike.hpp">
      <Filter>ヘッダー ファイル\Shape</Filter>
    </ClInclude>
    <ClInclude Include="..\..\include\Shape\SimpleVoronoiIsland.hpp">
      <Filter>ヘッダー ファイル\Shape</Filter>
    </ClInclude>
    <ClInclude Include="..\..\include\Shape\Template.hpp">
      <Filter>ヘッダー ファイル\Shape</Filter>
    </ClInclude>
    <ClInclude Include="..\..\include\Shape\WhiteNoise.hpp">
      <Filter>ヘッダー ファイル\Shape</Filter>
    </ClInclude>
    <ClInclude Include="..\..\include\Retouch\BuryPoint.hpp">
      <Filter>ヘッダー ファイル\Retouch</Filter>
    </ClInclude>
    <ClInclude Include="..\..\include\Retouch\RemovePoint.hpp">
      <Filter>ヘッダー ファイル\Retouch</Filter>
    </ClInclude>
    <ClInclude Include="..\..\include\Random\MersenneTwister32bit.hpp">
      <Filter>ヘッダー ファイル\Random</Filter>
    </ClInclude>
    <ClInclude Include="..\..\include\Macros\constexpr.hpp">
      <Filter>ヘッダー ファイル\Macros</Filter>
    </ClInclude>
    <ClInclude Include="..\..\include\Macros\nodiscard.hpp">
      <Filter>ヘッダー ファイル\Macros</Filter>
    </ClInclude>
    <ClInclude Include="..\..\include\Entity\MobManager.hpp">
      <Filter>ヘッダー ファイル\Entity</Filter>
    </ClInclude>
    <ClInclude Include="..\..\include\Deprecated\BoardGame.hpp">
      <Filter>ヘッダー ファイル\Deprecated</Filter>
    </ClInclude>
    <ClInclude Include="..\..\include\Deprecated\DungeonFile.hpp">
      <Filter>ヘッダー ファイル\Deprecated</Filter>
    </ClInclude>
    <ClInclude Include="..\..\include\Deprecated\DungeonMatrix.hpp">
      <Filter>ヘッダー ファイル\Deprecated</Filter>
    </ClInclude>
    <ClInclude Include="..\..\include\Deprecated\DungeonNoise.hpp">
      <Filter>ヘッダー ファイル\Deprecated</Filter>
    </ClInclude>
    <ClInclude Include="..\..\include\Deprecated\DungeonPaint.hpp">
      <Filter>ヘッダー ファイル\Deprecated</Filter>
    </ClInclude>
    <ClInclude Include="..\..\include\Deprecated\FractalIsland.hpp">
      <Filter>ヘッダー ファイル\Deprecated</Filter>
    </ClInclude>
    <ClInclude Include="..\..\include\Deprecated\HorizontalScroll.hpp">
      <Filter>ヘッダー ファイル\Deprecated</Filter>
    </ClInclude>
    <ClInclude Include="..\..\include\Deprecated\RogueLike.hpp">
      <Filter>ヘッダー ファイル\Deprecated</Filter>
    </ClInclude>
    <ClInclude Include="..\..\include\Console\OutputNumber.hpp">
      <Filter>ヘッダー ファイル\Console</Filter>
    </ClInclude>
    <ClInclude Include="..\..\include\Console\OutputString.hpp">
      <Filter>ヘッダー ファイル\Console</Filter>
    </ClInclude>
    <ClInclude Include="..\..\include\Console\OutputStringBool.hpp">
      <Filter>ヘッダー ファイル\Console</Filter>
    </ClInclude>
    <ClInclude Include="..\..\include\Console\OutputView.hpp">
      <Filter>ヘッダー ファイル\Console</Filter>
    </ClInclude>
    <ClInclude Include="..\..\include\Camera\MatrixView.hpp">
      <Filter>ヘッダー ファイル\Camera</Filter>
    </ClInclude>
    <ClInclude Include="..\..\include\Base\Struct.hpp">
      <Filter>ヘッダー ファイル\Base</Filter>
    </ClInclude>
    <ClInclude Include="..\..\include\Shape\Reversi.hpp">
      <Filter>ヘッダー ファイル\Shape</Filter>
    </ClInclude>
    <ClInclude Include="..\..\include\Storage\FileBMP.hpp">
      <Filter>ヘッダー ファイル\Storage</Filter>
    </ClInclude>
    <ClInclude Include="..\..\include\Storage\FileHDR.hpp">
      <Filter>ヘッダー ファイル\Storage</Filter>
    </ClInclude>
    <ClInclude Include="..\..\include\Storage\FileJPG.hpp">
      <Filter>ヘッダー ファイル\Storage</Filter>
    </ClInclude>
    <ClInclude Include="..\..\include\Storage\FileTGA.hpp">
      <Filter>ヘッダー ファイル\Storage</Filter>
    </ClInclude>
    <ClInclude Include="..\..\include\Dungeon\Base.hpp">
      <Filter>ヘッダー ファイル\Dungeon</Filter>
    </ClInclude>
    <ClInclude Include="..\..\include\Dungeon\Camera.hpp">
      <Filter>ヘッダー ファイル\Dungeon</Filter>
    </ClInclude>
    <ClInclude Include="..\..\include\Dungeon\Console.hpp">
      <Filter>ヘッダー ファイル\Dungeon</Filter>
    </ClInclude>
    <ClInclude Include="..\..\include\Dungeon\Deprecated.hpp">
      <Filter>ヘッダー ファイル\Dungeon</Filter>
    </ClInclude>
    <ClInclude Include="..\..\include\Dungeon\Entity.hpp">
      <Filter>ヘッダー ファイル\Dungeon</Filter>
    </ClInclude>
    <ClInclude Include="..\..\include\Dungeon\ImageWrite.hpp">
      <Filter>ヘッダー ファイル\Dungeon</Filter>
    </ClInclude>
    <ClInclude Include="..\..\include\Dungeon\Random.hpp">
      <Filter>ヘッダー ファイル\Dungeon</Filter>
    </ClInclude>
    <ClInclude Include="..\..\include\Dungeon\Retouch.hpp">
      <Filter>ヘッダー ファイル\Dungeon</Filter>
    </ClInclude>
    <ClInclude Include="..\..\include\Dungeon\Shape.hpp">
      <Filter>ヘッダー ファイル\Dungeon</Filter>
    </ClInclude>
    <ClInclude Include="..\..\include\Dungeon\Storage.hpp">
      <Filter>ヘッダー ファイル\Dungeon</Filter>
    </ClInclude>
    <ClInclude Include="..\..\include\Dungeon\Utility.hpp">
      <Filter>ヘッダー ファイル\Dungeon</Filter>
    </ClInclude>
    <ClInclude Include="..\..\include\Chrono\Time.hpp">
      <Filter>ヘッダー ファイル\Chrono</Filter>
    </ClInclude>
    <ClInclude Include="..\..\include\Dungeon\Chrono.hpp">
      <Filter>ヘッダー ファイル\Dungeon</Filter>
    </ClInclude>
    <ClInclude Include="..\..\include\Storage\FileMD.hpp">
      <Filter>ヘッダー ファイル\Storage</Filter>
    </ClInclude>
    <ClInclude Include="..\..\include\Storage\FileTXT_0_9.hpp">
      <Filter>ヘッダー ファイル\Storage</Filter>
    </ClInclude>
    <ClInclude Include="..\..\include\Storage\FilePBM.hpp">
      <Filter>ヘッダー ファイル\Storage</Filter>
    </ClInclude>
    <ClInclude Include="..\..\include\Utility\RectBaseWithValue.hpp">
      <Filter>ヘッダー ファイル\Utility</Filter>
    </ClInclude>
    <ClInclude Include="..\..\include\Type\SizeT.hpp">
      <Filter>ヘッダー ファイル\Type</Filter>
    </ClInclude>
    <ClInclude Include="..\..\include\Type\UniquePtr.hpp">
      <Filter>ヘッダー ファイル\Type</Filter>
    </ClInclude>
    <ClInclude Include="..\..\include\Type\SSizeT.hpp">
      <Filter>ヘッダー ファイル\Type</Filter>
    </ClInclude>
    <ClInclude Include="..\..\include\Type\Forward.hpp">
      <Filter>ヘッダー ファイル\Type</Filter>
    </ClInclude>
  </ItemGroup>
  <ItemGroup>
    <ClCompile Include="20190502.cpp">
      <Filter>ソース ファイル</Filter>
    </ClCompile>
  </ItemGroup>
</Project>